// !$*UTF8*$!
{
	archiveVersion = 1;
	classes = {
	};
	objectVersion = 52;
	objects = {

/* Begin PBXBuildFile section */
		0319A25B27C2AB770007ED53 /* GoogleService-Info.plist in Resources */ = {isa = PBXBuildFile; fileRef = 0319A25A27C2AB770007ED53 /* GoogleService-Info.plist */; };
		03C6929127A9B73F00F6CE62 /* AppDelegate.swift in Sources */ = {isa = PBXBuildFile; fileRef = 03C6929027A9B73F00F6CE62 /* AppDelegate.swift */; };
		03C6929327A9B73F00F6CE62 /* SceneDelegate.swift in Sources */ = {isa = PBXBuildFile; fileRef = 03C6929227A9B73F00F6CE62 /* SceneDelegate.swift */; };
		03C6929527A9B73F00F6CE62 /* ContentView.swift in Sources */ = {isa = PBXBuildFile; fileRef = 03C6929427A9B73F00F6CE62 /* ContentView.swift */; };
		03C6929727A9B74300F6CE62 /* Assets.xcassets in Resources */ = {isa = PBXBuildFile; fileRef = 03C6929627A9B74300F6CE62 /* Assets.xcassets */; };
		03C6929A27A9B74300F6CE62 /* Preview Assets.xcassets in Resources */ = {isa = PBXBuildFile; fileRef = 03C6929927A9B74300F6CE62 /* Preview Assets.xcassets */; };
		03C6929D27A9B74300F6CE62 /* LaunchScreen.storyboard in Resources */ = {isa = PBXBuildFile; fileRef = 03C6929B27A9B74300F6CE62 /* LaunchScreen.storyboard */; };
		03CE011427A9CA8000AAEC7E /* LogoView.swift in Sources */ = {isa = PBXBuildFile; fileRef = 03CE011327A9CA8000AAEC7E /* LogoView.swift */; };
		03CE011627A9D08200AAEC7E /* Extensions.swift in Sources */ = {isa = PBXBuildFile; fileRef = 03CE011527A9D08200AAEC7E /* Extensions.swift */; };
		03CE011827A9D4A700AAEC7E /* SlotsView.swift in Sources */ = {isa = PBXBuildFile; fileRef = 03CE011727A9D4A700AAEC7E /* SlotsView.swift */; };
		03CE011A27A9D73D00AAEC7E /* Modifiers.swift in Sources */ = {isa = PBXBuildFile; fileRef = 03CE011927A9D73D00AAEC7E /* Modifiers.swift */; };
		03E7683F27BB163C0097FE89 /* InformationView.swift in Sources */ = {isa = PBXBuildFile; fileRef = 03E7683E27BB163C0097FE89 /* InformationView.swift */; };
		03E7684427BC2A5E0097FE89 /* FirebaseAppDistribution-Beta in Frameworks */ = {isa = PBXBuildFile; productRef = 03E7684327BC2A5E0097FE89 /* FirebaseAppDistribution-Beta */; };
		03E7684627BC2A5E0097FE89 /* FirebaseInAppMessaging-Beta in Frameworks */ = {isa = PBXBuildFile; productRef = 03E7684527BC2A5E0097FE89 /* FirebaseInAppMessaging-Beta */; };
		03E7684827BC2A5E0097FE89 /* FirebaseAnalyticsSwift-Beta in Frameworks */ = {isa = PBXBuildFile; productRef = 03E7684727BC2A5E0097FE89 /* FirebaseAnalyticsSwift-Beta */; };
		03E7684A27BC2A5E0097FE89 /* FirebaseAnalyticsWithoutAdIdSupport in Frameworks */ = {isa = PBXBuildFile; productRef = 03E7684927BC2A5E0097FE89 /* FirebaseAnalyticsWithoutAdIdSupport */; };
		03E7684C27BC2A5E0097FE89 /* FirebaseFirestore in Frameworks */ = {isa = PBXBuildFile; productRef = 03E7684B27BC2A5E0097FE89 /* FirebaseFirestore */; };
		03E7684E27BC2A5E0097FE89 /* FirebaseAuthCombine-Community in Frameworks */ = {isa = PBXBuildFile; productRef = 03E7684D27BC2A5E0097FE89 /* FirebaseAuthCombine-Community */; };
		03E7685027BC2A5E0097FE89 /* FirebaseRemoteConfigSwift-Beta in Frameworks */ = {isa = PBXBuildFile; productRef = 03E7684F27BC2A5E0097FE89 /* FirebaseRemoteConfigSwift-Beta */; };
		03E7685227BC2A5E0097FE89 /* FirebaseInstallations in Frameworks */ = {isa = PBXBuildFile; productRef = 03E7685127BC2A5E0097FE89 /* FirebaseInstallations */; };
		03E7685427BC2A5F0097FE89 /* FirebaseDatabase in Frameworks */ = {isa = PBXBuildFile; productRef = 03E7685327BC2A5F0097FE89 /* FirebaseDatabase */; };
		03E7685627BC2A5F0097FE89 /* FirebaseFirestoreSwift-Beta in Frameworks */ = {isa = PBXBuildFile; productRef = 03E7685527BC2A5F0097FE89 /* FirebaseFirestoreSwift-Beta */; };
		03E7685827BC2A5F0097FE89 /* FirebaseAnalytics in Frameworks */ = {isa = PBXBuildFile; productRef = 03E7685727BC2A5F0097FE89 /* FirebaseAnalytics */; };
		03E7685A27BC2A5F0097FE89 /* FirebasePerformance in Frameworks */ = {isa = PBXBuildFile; productRef = 03E7685927BC2A5F0097FE89 /* FirebasePerformance */; };
		03E7685C27BC2A5F0097FE89 /* FirebaseFunctionsCombine-Community in Frameworks */ = {isa = PBXBuildFile; productRef = 03E7685B27BC2A5F0097FE89 /* FirebaseFunctionsCombine-Community */; };
		03E7685E27BC2A5F0097FE89 /* FirebaseStorageCombine-Community in Frameworks */ = {isa = PBXBuildFile; productRef = 03E7685D27BC2A5F0097FE89 /* FirebaseStorageCombine-Community */; };
		03E7686027BC2A5F0097FE89 /* FirebaseAppCheck in Frameworks */ = {isa = PBXBuildFile; productRef = 03E7685F27BC2A5F0097FE89 /* FirebaseAppCheck */; };
		03E7686227BC2A5F0097FE89 /* FirebaseStorageSwift-Beta in Frameworks */ = {isa = PBXBuildFile; productRef = 03E7686127BC2A5F0097FE89 /* FirebaseStorageSwift-Beta */; };
		03E7686427BC2A5F0097FE89 /* FirebaseAuth in Frameworks */ = {isa = PBXBuildFile; productRef = 03E7686327BC2A5F0097FE89 /* FirebaseAuth */; };
		03E7686627BC2A5F0097FE89 /* FirebaseRemoteConfig in Frameworks */ = {isa = PBXBuildFile; productRef = 03E7686527BC2A5F0097FE89 /* FirebaseRemoteConfig */; };
		03E7686827BC2A5F0097FE89 /* FirebaseDatabaseSwift-Beta in Frameworks */ = {isa = PBXBuildFile; productRef = 03E7686727BC2A5F0097FE89 /* FirebaseDatabaseSwift-Beta */; };
		03E7686A27BC2A5F0097FE89 /* FirebaseInAppMessagingSwift-Beta in Frameworks */ = {isa = PBXBuildFile; productRef = 03E7686927BC2A5F0097FE89 /* FirebaseInAppMessagingSwift-Beta */; };
		03E7686C27BC2A5F0097FE89 /* FirebaseMLModelDownloader in Frameworks */ = {isa = PBXBuildFile; productRef = 03E7686B27BC2A5F0097FE89 /* FirebaseMLModelDownloader */; };
		03E7686E27BC2A5F0097FE89 /* FirebaseCrashlytics in Frameworks */ = {isa = PBXBuildFile; productRef = 03E7686D27BC2A5F0097FE89 /* FirebaseCrashlytics */; };
		03E7687027BC2A5F0097FE89 /* FirebaseMessaging in Frameworks */ = {isa = PBXBuildFile; productRef = 03E7686F27BC2A5F0097FE89 /* FirebaseMessaging */; };
		03E7687227BC2A5F0097FE89 /* FirebaseStorage in Frameworks */ = {isa = PBXBuildFile; productRef = 03E7687127BC2A5F0097FE89 /* FirebaseStorage */; };
		03E7687427BC2A5F0097FE89 /* FirebaseDynamicLinks in Frameworks */ = {isa = PBXBuildFile; productRef = 03E7687327BC2A5F0097FE89 /* FirebaseDynamicLinks */; };
		03E7687627BC2A600097FE89 /* FirebaseFunctions in Frameworks */ = {isa = PBXBuildFile; productRef = 03E7687527BC2A600097FE89 /* FirebaseFunctions */; };
		03E7687827BC2A600097FE89 /* FirebaseFunctionsSwift-Beta in Frameworks */ = {isa = PBXBuildFile; productRef = 03E7687727BC2A600097FE89 /* FirebaseFunctionsSwift-Beta */; };
		03E7687A27BC2A600097FE89 /* FirebaseFirestoreCombine-Community in Frameworks */ = {isa = PBXBuildFile; productRef = 03E7687927BC2A600097FE89 /* FirebaseFirestoreCombine-Community */; };
/* End PBXBuildFile section */

/* Begin PBXFileReference section */
		0319A25A27C2AB770007ED53 /* GoogleService-Info.plist */ = {isa = PBXFileReference; fileEncoding = 4; lastKnownFileType = text.plist.xml; path = "GoogleService-Info.plist"; sourceTree = "<group>"; };
		03C6928D27A9B73F00F6CE62 /* AnimalSlotsGame.app */ = {isa = PBXFileReference; explicitFileType = wrapper.application; includeInIndex = 0; path = AnimalSlotsGame.app; sourceTree = BUILT_PRODUCTS_DIR; };
		03C6929027A9B73F00F6CE62 /* AppDelegate.swift */ = {isa = PBXFileReference; lastKnownFileType = sourcecode.swift; path = AppDelegate.swift; sourceTree = "<group>"; };
		03C6929227A9B73F00F6CE62 /* SceneDelegate.swift */ = {isa = PBXFileReference; lastKnownFileType = sourcecode.swift; path = SceneDelegate.swift; sourceTree = "<group>"; };
		03C6929427A9B73F00F6CE62 /* ContentView.swift */ = {isa = PBXFileReference; lastKnownFileType = sourcecode.swift; path = ContentView.swift; sourceTree = "<group>"; };
		03C6929627A9B74300F6CE62 /* Assets.xcassets */ = {isa = PBXFileReference; lastKnownFileType = folder.assetcatalog; path = Assets.xcassets; sourceTree = "<group>"; };
		03C6929927A9B74300F6CE62 /* Preview Assets.xcassets */ = {isa = PBXFileReference; lastKnownFileType = folder.assetcatalog; path = "Preview Assets.xcassets"; sourceTree = "<group>"; };
		03C6929C27A9B74300F6CE62 /* Base */ = {isa = PBXFileReference; lastKnownFileType = file.storyboard; name = Base; path = Base.lproj/LaunchScreen.storyboard; sourceTree = "<group>"; };
		03C6929E27A9B74300F6CE62 /* Info.plist */ = {isa = PBXFileReference; lastKnownFileType = text.plist.xml; path = Info.plist; sourceTree = "<group>"; };
		03CE011327A9CA8000AAEC7E /* LogoView.swift */ = {isa = PBXFileReference; lastKnownFileType = sourcecode.swift; path = LogoView.swift; sourceTree = "<group>"; };
		03CE011527A9D08200AAEC7E /* Extensions.swift */ = {isa = PBXFileReference; lastKnownFileType = sourcecode.swift; path = Extensions.swift; sourceTree = "<group>"; };
		03CE011727A9D4A700AAEC7E /* SlotsView.swift */ = {isa = PBXFileReference; lastKnownFileType = sourcecode.swift; path = SlotsView.swift; sourceTree = "<group>"; };
		03CE011927A9D73D00AAEC7E /* Modifiers.swift */ = {isa = PBXFileReference; lastKnownFileType = sourcecode.swift; path = Modifiers.swift; sourceTree = "<group>"; };
		03E7683E27BB163C0097FE89 /* InformationView.swift */ = {isa = PBXFileReference; lastKnownFileType = sourcecode.swift; path = InformationView.swift; sourceTree = "<group>"; };
/* End PBXFileReference section */

/* Begin PBXFrameworksBuildPhase section */
		03C6928A27A9B73F00F6CE62 /* Frameworks */ = {
			isa = PBXFrameworksBuildPhase;
			buildActionMask = 2147483647;
			files = (
				03E7684827BC2A5E0097FE89 /* FirebaseAnalyticsSwift-Beta in Frameworks */,
				03E7684E27BC2A5E0097FE89 /* FirebaseAuthCombine-Community in Frameworks */,
				03E7686A27BC2A5F0097FE89 /* FirebaseInAppMessagingSwift-Beta in Frameworks */,
				03E7687027BC2A5F0097FE89 /* FirebaseMessaging in Frameworks */,
				03E7686427BC2A5F0097FE89 /* FirebaseAuth in Frameworks */,
				03E7687227BC2A5F0097FE89 /* FirebaseStorage in Frameworks */,
				03E7685A27BC2A5F0097FE89 /* FirebasePerformance in Frameworks */,
				03E7686E27BC2A5F0097FE89 /* FirebaseCrashlytics in Frameworks */,
				03E7684427BC2A5E0097FE89 /* FirebaseAppDistribution-Beta in Frameworks */,
				03E7687627BC2A600097FE89 /* FirebaseFunctions in Frameworks */,
				03E7687827BC2A600097FE89 /* FirebaseFunctionsSwift-Beta in Frameworks */,
				03E7686C27BC2A5F0097FE89 /* FirebaseMLModelDownloader in Frameworks */,
				03E7685227BC2A5E0097FE89 /* FirebaseInstallations in Frameworks */,
				03E7687A27BC2A600097FE89 /* FirebaseFirestoreCombine-Community in Frameworks */,
				03E7686227BC2A5F0097FE89 /* FirebaseStorageSwift-Beta in Frameworks */,
				03E7684627BC2A5E0097FE89 /* FirebaseInAppMessaging-Beta in Frameworks */,
				03E7685027BC2A5E0097FE89 /* FirebaseRemoteConfigSwift-Beta in Frameworks */,
				03E7686627BC2A5F0097FE89 /* FirebaseRemoteConfig in Frameworks */,
				03E7685827BC2A5F0097FE89 /* FirebaseAnalytics in Frameworks */,
				03E7685E27BC2A5F0097FE89 /* FirebaseStorageCombine-Community in Frameworks */,
				03E7685C27BC2A5F0097FE89 /* FirebaseFunctionsCombine-Community in Frameworks */,
				03E7685427BC2A5F0097FE89 /* FirebaseDatabase in Frameworks */,
				03E7687427BC2A5F0097FE89 /* FirebaseDynamicLinks in Frameworks */,
				03E7686827BC2A5F0097FE89 /* FirebaseDatabaseSwift-Beta in Frameworks */,
				03E7685627BC2A5F0097FE89 /* FirebaseFirestoreSwift-Beta in Frameworks */,
				03E7684C27BC2A5E0097FE89 /* FirebaseFirestore in Frameworks */,
				03E7686027BC2A5F0097FE89 /* FirebaseAppCheck in Frameworks */,
				03E7684A27BC2A5E0097FE89 /* FirebaseAnalyticsWithoutAdIdSupport in Frameworks */,
			);
			runOnlyForDeploymentPostprocessing = 0;
		};
/* End PBXFrameworksBuildPhase section */

/* Begin PBXGroup section */
		03C6928427A9B73F00F6CE62 = {
			isa = PBXGroup;
			children = (
				03C6928F27A9B73F00F6CE62 /* AnimalSlotsGame */,
				03C6928E27A9B73F00F6CE62 /* Products */,
			);
			sourceTree = "<group>";
		};
		03C6928E27A9B73F00F6CE62 /* Products */ = {
			isa = PBXGroup;
			children = (
				03C6928D27A9B73F00F6CE62 /* AnimalSlotsGame.app */,
			);
			name = Products;
			sourceTree = "<group>";
		};
		03C6928F27A9B73F00F6CE62 /* AnimalSlotsGame */ = {
			isa = PBXGroup;
			children = (
				03C692A527A9B7ED00F6CE62 /* Helpers */,
				03C692A427A9B7E500F6CE62 /* Views */,
				03C6929027A9B73F00F6CE62 /* AppDelegate.swift */,
				03C6929227A9B73F00F6CE62 /* SceneDelegate.swift */,
				03C6929627A9B74300F6CE62 /* Assets.xcassets */,
				03C6929B27A9B74300F6CE62 /* LaunchScreen.storyboard */,
				03C6929E27A9B74300F6CE62 /* Info.plist */,
				0319A25A27C2AB770007ED53 /* GoogleService-Info.plist */,
				03C6929827A9B74300F6CE62 /* Preview Content */,
			);
			path = AnimalSlotsGame;
			sourceTree = "<group>";
		};
		03C6929827A9B74300F6CE62 /* Preview Content */ = {
			isa = PBXGroup;
			children = (
				03C6929927A9B74300F6CE62 /* Preview Assets.xcassets */,
			);
			path = "Preview Content";
			sourceTree = "<group>";
		};
		03C692A427A9B7E500F6CE62 /* Views */ = {
			isa = PBXGroup;
			children = (
				03C6929427A9B73F00F6CE62 /* ContentView.swift */,
				03CE011327A9CA8000AAEC7E /* LogoView.swift */,
				03CE011727A9D4A700AAEC7E /* SlotsView.swift */,
				03E7683E27BB163C0097FE89 /* InformationView.swift */,
			);
			path = Views;
			sourceTree = "<group>";
		};
		03C692A527A9B7ED00F6CE62 /* Helpers */ = {
			isa = PBXGroup;
			children = (
				03CE011527A9D08200AAEC7E /* Extensions.swift */,
				03CE011927A9D73D00AAEC7E /* Modifiers.swift */,
			);
			path = Helpers;
			sourceTree = "<group>";
		};
/* End PBXGroup section */

/* Begin PBXNativeTarget section */
		03C6928C27A9B73F00F6CE62 /* AnimalSlotsGame */ = {
			isa = PBXNativeTarget;
			buildConfigurationList = 03C692A127A9B74300F6CE62 /* Build configuration list for PBXNativeTarget "AnimalSlotsGame" */;
			buildPhases = (
				03C6928927A9B73F00F6CE62 /* Sources */,
				03C6928A27A9B73F00F6CE62 /* Frameworks */,
				03C6928B27A9B73F00F6CE62 /* Resources */,
			);
			buildRules = (
			);
			dependencies = (
			);
			name = AnimalSlotsGame;
			packageProductDependencies = (
				03E7684327BC2A5E0097FE89 /* FirebaseAppDistribution-Beta */,
				03E7684527BC2A5E0097FE89 /* FirebaseInAppMessaging-Beta */,
				03E7684727BC2A5E0097FE89 /* FirebaseAnalyticsSwift-Beta */,
				03E7684927BC2A5E0097FE89 /* FirebaseAnalyticsWithoutAdIdSupport */,
				03E7684B27BC2A5E0097FE89 /* FirebaseFirestore */,
				03E7684D27BC2A5E0097FE89 /* FirebaseAuthCombine-Community */,
				03E7684F27BC2A5E0097FE89 /* FirebaseRemoteConfigSwift-Beta */,
				03E7685127BC2A5E0097FE89 /* FirebaseInstallations */,
				03E7685327BC2A5F0097FE89 /* FirebaseDatabase */,
				03E7685527BC2A5F0097FE89 /* FirebaseFirestoreSwift-Beta */,
				03E7685727BC2A5F0097FE89 /* FirebaseAnalytics */,
				03E7685927BC2A5F0097FE89 /* FirebasePerformance */,
				03E7685B27BC2A5F0097FE89 /* FirebaseFunctionsCombine-Community */,
				03E7685D27BC2A5F0097FE89 /* FirebaseStorageCombine-Community */,
				03E7685F27BC2A5F0097FE89 /* FirebaseAppCheck */,
				03E7686127BC2A5F0097FE89 /* FirebaseStorageSwift-Beta */,
				03E7686327BC2A5F0097FE89 /* FirebaseAuth */,
				03E7686527BC2A5F0097FE89 /* FirebaseRemoteConfig */,
				03E7686727BC2A5F0097FE89 /* FirebaseDatabaseSwift-Beta */,
				03E7686927BC2A5F0097FE89 /* FirebaseInAppMessagingSwift-Beta */,
				03E7686B27BC2A5F0097FE89 /* FirebaseMLModelDownloader */,
				03E7686D27BC2A5F0097FE89 /* FirebaseCrashlytics */,
				03E7686F27BC2A5F0097FE89 /* FirebaseMessaging */,
				03E7687127BC2A5F0097FE89 /* FirebaseStorage */,
				03E7687327BC2A5F0097FE89 /* FirebaseDynamicLinks */,
				03E7687527BC2A600097FE89 /* FirebaseFunctions */,
				03E7687727BC2A600097FE89 /* FirebaseFunctionsSwift-Beta */,
				03E7687927BC2A600097FE89 /* FirebaseFirestoreCombine-Community */,
			);
			productName = AnimalSlotsGame;
			productReference = 03C6928D27A9B73F00F6CE62 /* AnimalSlotsGame.app */;
			productType = "com.apple.product-type.application";
		};
/* End PBXNativeTarget section */

/* Begin PBXProject section */
		03C6928527A9B73F00F6CE62 /* Project object */ = {
			isa = PBXProject;
			attributes = {
				LastSwiftUpdateCheck = 1250;
				LastUpgradeCheck = 1250;
				TargetAttributes = {
					03C6928C27A9B73F00F6CE62 = {
						CreatedOnToolsVersion = 12.5.1;
					};
				};
			};
			buildConfigurationList = 03C6928827A9B73F00F6CE62 /* Build configuration list for PBXProject "AnimalSlotsGame" */;
			compatibilityVersion = "Xcode 9.3";
			developmentRegion = en;
			hasScannedForEncodings = 0;
			knownRegions = (
				en,
				Base,
			);
			mainGroup = 03C6928427A9B73F00F6CE62;
			packageReferences = (
				03E7684227BC2A5E0097FE89 /* XCRemoteSwiftPackageReference "firebase-ios-sdk" */,
			);
			productRefGroup = 03C6928E27A9B73F00F6CE62 /* Products */;
			projectDirPath = "";
			projectRoot = "";
			targets = (
				03C6928C27A9B73F00F6CE62 /* AnimalSlotsGame */,
			);
		};
/* End PBXProject section */

/* Begin PBXResourcesBuildPhase section */
		03C6928B27A9B73F00F6CE62 /* Resources */ = {
			isa = PBXResourcesBuildPhase;
			buildActionMask = 2147483647;
			files = (
				03C6929D27A9B74300F6CE62 /* LaunchScreen.storyboard in Resources */,
				0319A25B27C2AB770007ED53 /* GoogleService-Info.plist in Resources */,
				03C6929A27A9B74300F6CE62 /* Preview Assets.xcassets in Resources */,
				03C6929727A9B74300F6CE62 /* Assets.xcassets in Resources */,
			);
			runOnlyForDeploymentPostprocessing = 0;
		};
/* End PBXResourcesBuildPhase section */

/* Begin PBXSourcesBuildPhase section */
		03C6928927A9B73F00F6CE62 /* Sources */ = {
			isa = PBXSourcesBuildPhase;
			buildActionMask = 2147483647;
			files = (
				03CE011627A9D08200AAEC7E /* Extensions.swift in Sources */,
				03E7683F27BB163C0097FE89 /* InformationView.swift in Sources */,
				03C6929127A9B73F00F6CE62 /* AppDelegate.swift in Sources */,
				03CE011A27A9D73D00AAEC7E /* Modifiers.swift in Sources */,
				03CE011827A9D4A700AAEC7E /* SlotsView.swift in Sources */,
				03CE011427A9CA8000AAEC7E /* LogoView.swift in Sources */,
				03C6929327A9B73F00F6CE62 /* SceneDelegate.swift in Sources */,
				03C6929527A9B73F00F6CE62 /* ContentView.swift in Sources */,
			);
			runOnlyForDeploymentPostprocessing = 0;
		};
/* End PBXSourcesBuildPhase section */

/* Begin PBXVariantGroup section */
		03C6929B27A9B74300F6CE62 /* LaunchScreen.storyboard */ = {
			isa = PBXVariantGroup;
			children = (
				03C6929C27A9B74300F6CE62 /* Base */,
			);
			name = LaunchScreen.storyboard;
			sourceTree = "<group>";
		};
/* End PBXVariantGroup section */

/* Begin XCBuildConfiguration section */
		03C6929F27A9B74300F6CE62 /* Debug */ = {
			isa = XCBuildConfiguration;
			buildSettings = {
				ALWAYS_SEARCH_USER_PATHS = NO;
				CLANG_ANALYZER_NONNULL = YES;
				CLANG_ANALYZER_NUMBER_OBJECT_CONVERSION = YES_AGGRESSIVE;
				CLANG_CXX_LANGUAGE_STANDARD = "gnu++14";
				CLANG_CXX_LIBRARY = "libc++";
				CLANG_ENABLE_MODULES = YES;
				CLANG_ENABLE_OBJC_ARC = YES;
				CLANG_ENABLE_OBJC_WEAK = YES;
				CLANG_WARN_BLOCK_CAPTURE_AUTORELEASING = YES;
				CLANG_WARN_BOOL_CONVERSION = YES;
				CLANG_WARN_COMMA = YES;
				CLANG_WARN_CONSTANT_CONVERSION = YES;
				CLANG_WARN_DEPRECATED_OBJC_IMPLEMENTATIONS = YES;
				CLANG_WARN_DIRECT_OBJC_ISA_USAGE = YES_ERROR;
				CLANG_WARN_DOCUMENTATION_COMMENTS = YES;
				CLANG_WARN_EMPTY_BODY = YES;
				CLANG_WARN_ENUM_CONVERSION = YES;
				CLANG_WARN_INFINITE_RECURSION = YES;
				CLANG_WARN_INT_CONVERSION = YES;
				CLANG_WARN_NON_LITERAL_NULL_CONVERSION = YES;
				CLANG_WARN_OBJC_IMPLICIT_RETAIN_SELF = YES;
				CLANG_WARN_OBJC_LITERAL_CONVERSION = YES;
				CLANG_WARN_OBJC_ROOT_CLASS = YES_ERROR;
				CLANG_WARN_QUOTED_INCLUDE_IN_FRAMEWORK_HEADER = YES;
				CLANG_WARN_RANGE_LOOP_ANALYSIS = YES;
				CLANG_WARN_STRICT_PROTOTYPES = YES;
				CLANG_WARN_SUSPICIOUS_MOVE = YES;
				CLANG_WARN_UNGUARDED_AVAILABILITY = YES_AGGRESSIVE;
				CLANG_WARN_UNREACHABLE_CODE = YES;
				CLANG_WARN__DUPLICATE_METHOD_MATCH = YES;
				COPY_PHASE_STRIP = NO;
				DEBUG_INFORMATION_FORMAT = dwarf;
				ENABLE_STRICT_OBJC_MSGSEND = YES;
				ENABLE_TESTABILITY = YES;
				GCC_C_LANGUAGE_STANDARD = gnu11;
				GCC_DYNAMIC_NO_PIC = NO;
				GCC_NO_COMMON_BLOCKS = YES;
				GCC_OPTIMIZATION_LEVEL = 0;
				GCC_PREPROCESSOR_DEFINITIONS = (
					"DEBUG=1",
					"$(inherited)",
				);
				GCC_WARN_64_TO_32_BIT_CONVERSION = YES;
				GCC_WARN_ABOUT_RETURN_TYPE = YES_ERROR;
				GCC_WARN_UNDECLARED_SELECTOR = YES;
				GCC_WARN_UNINITIALIZED_AUTOS = YES_AGGRESSIVE;
				GCC_WARN_UNUSED_FUNCTION = YES;
				GCC_WARN_UNUSED_VARIABLE = YES;
				IPHONEOS_DEPLOYMENT_TARGET = 14.5;
				MTL_ENABLE_DEBUG_INFO = INCLUDE_SOURCE;
				MTL_FAST_MATH = YES;
				ONLY_ACTIVE_ARCH = YES;
				SDKROOT = iphoneos;
				SWIFT_ACTIVE_COMPILATION_CONDITIONS = DEBUG;
				SWIFT_OPTIMIZATION_LEVEL = "-Onone";
			};
			name = Debug;
		};
		03C692A027A9B74300F6CE62 /* Release */ = {
			isa = XCBuildConfiguration;
			buildSettings = {
				ALWAYS_SEARCH_USER_PATHS = NO;
				CLANG_ANALYZER_NONNULL = YES;
				CLANG_ANALYZER_NUMBER_OBJECT_CONVERSION = YES_AGGRESSIVE;
				CLANG_CXX_LANGUAGE_STANDARD = "gnu++14";
				CLANG_CXX_LIBRARY = "libc++";
				CLANG_ENABLE_MODULES = YES;
				CLANG_ENABLE_OBJC_ARC = YES;
				CLANG_ENABLE_OBJC_WEAK = YES;
				CLANG_WARN_BLOCK_CAPTURE_AUTORELEASING = YES;
				CLANG_WARN_BOOL_CONVERSION = YES;
				CLANG_WARN_COMMA = YES;
				CLANG_WARN_CONSTANT_CONVERSION = YES;
				CLANG_WARN_DEPRECATED_OBJC_IMPLEMENTATIONS = YES;
				CLANG_WARN_DIRECT_OBJC_ISA_USAGE = YES_ERROR;
				CLANG_WARN_DOCUMENTATION_COMMENTS = YES;
				CLANG_WARN_EMPTY_BODY = YES;
				CLANG_WARN_ENUM_CONVERSION = YES;
				CLANG_WARN_INFINITE_RECURSION = YES;
				CLANG_WARN_INT_CONVERSION = YES;
				CLANG_WARN_NON_LITERAL_NULL_CONVERSION = YES;
				CLANG_WARN_OBJC_IMPLICIT_RETAIN_SELF = YES;
				CLANG_WARN_OBJC_LITERAL_CONVERSION = YES;
				CLANG_WARN_OBJC_ROOT_CLASS = YES_ERROR;
				CLANG_WARN_QUOTED_INCLUDE_IN_FRAMEWORK_HEADER = YES;
				CLANG_WARN_RANGE_LOOP_ANALYSIS = YES;
				CLANG_WARN_STRICT_PROTOTYPES = YES;
				CLANG_WARN_SUSPICIOUS_MOVE = YES;
				CLANG_WARN_UNGUARDED_AVAILABILITY = YES_AGGRESSIVE;
				CLANG_WARN_UNREACHABLE_CODE = YES;
				CLANG_WARN__DUPLICATE_METHOD_MATCH = YES;
				COPY_PHASE_STRIP = NO;
				DEBUG_INFORMATION_FORMAT = "dwarf-with-dsym";
				ENABLE_NS_ASSERTIONS = NO;
				ENABLE_STRICT_OBJC_MSGSEND = YES;
				GCC_C_LANGUAGE_STANDARD = gnu11;
				GCC_NO_COMMON_BLOCKS = YES;
				GCC_WARN_64_TO_32_BIT_CONVERSION = YES;
				GCC_WARN_ABOUT_RETURN_TYPE = YES_ERROR;
				GCC_WARN_UNDECLARED_SELECTOR = YES;
				GCC_WARN_UNINITIALIZED_AUTOS = YES_AGGRESSIVE;
				GCC_WARN_UNUSED_FUNCTION = YES;
				GCC_WARN_UNUSED_VARIABLE = YES;
				IPHONEOS_DEPLOYMENT_TARGET = 14.5;
				MTL_ENABLE_DEBUG_INFO = NO;
				MTL_FAST_MATH = YES;
				SDKROOT = iphoneos;
				SWIFT_COMPILATION_MODE = wholemodule;
				SWIFT_OPTIMIZATION_LEVEL = "-O";
				VALIDATE_PRODUCT = YES;
			};
			name = Release;
		};
		03C692A227A9B74300F6CE62 /* Debug */ = {
			isa = XCBuildConfiguration;
			buildSettings = {
				ASSETCATALOG_COMPILER_APPICON_NAME = AppIcon;
				ASSETCATALOG_COMPILER_GLOBAL_ACCENT_COLOR_NAME = AccentColor;
				CODE_SIGN_STYLE = Automatic;
				DEVELOPMENT_ASSET_PATHS = "\"AnimalSlotsGame/Preview Content\"";
				DEVELOPMENT_TEAM = 64HZ2884J8;
				ENABLE_PREVIEWS = YES;
				INFOPLIST_FILE = AnimalSlotsGame/Info.plist;
				LD_RUNPATH_SEARCH_PATHS = (
					"$(inherited)",
					"@executable_path/Frameworks",
				);
				PRODUCT_BUNDLE_IDENTIFIER = com.tanavsharma.AnimalSlotsGame;
				PRODUCT_NAME = "$(TARGET_NAME)";
				SWIFT_VERSION = 5.0;
				TARGETED_DEVICE_FAMILY = "1,2";
			};
			name = Debug;
		};
		03C692A327A9B74300F6CE62 /* Release */ = {
			isa = XCBuildConfiguration;
			buildSettings = {
				ASSETCATALOG_COMPILER_APPICON_NAME = AppIcon;
				ASSETCATALOG_COMPILER_GLOBAL_ACCENT_COLOR_NAME = AccentColor;
				CODE_SIGN_STYLE = Automatic;
				DEVELOPMENT_ASSET_PATHS = "\"AnimalSlotsGame/Preview Content\"";
				DEVELOPMENT_TEAM = 64HZ2884J8;
				ENABLE_PREVIEWS = YES;
				INFOPLIST_FILE = AnimalSlotsGame/Info.plist;
				LD_RUNPATH_SEARCH_PATHS = (
					"$(inherited)",
					"@executable_path/Frameworks",
				);
				PRODUCT_BUNDLE_IDENTIFIER = com.tanavsharma.AnimalSlotsGame;
				PRODUCT_NAME = "$(TARGET_NAME)";
				SWIFT_VERSION = 5.0;
				TARGETED_DEVICE_FAMILY = "1,2";
			};
			name = Release;
		};
/* End XCBuildConfiguration section */

/* Begin XCConfigurationList section */
		03C6928827A9B73F00F6CE62 /* Build configuration list for PBXProject "AnimalSlotsGame" */ = {
			isa = XCConfigurationList;
			buildConfigurations = (
				03C6929F27A9B74300F6CE62 /* Debug */,
				03C692A027A9B74300F6CE62 /* Release */,
			);
			defaultConfigurationIsVisible = 0;
			defaultConfigurationName = Release;
		};
		03C692A127A9B74300F6CE62 /* Build configuration list for PBXNativeTarget "AnimalSlotsGame" */ = {
			isa = XCConfigurationList;
			buildConfigurations = (
				03C692A227A9B74300F6CE62 /* Debug */,
				03C692A327A9B74300F6CE62 /* Release */,
			);
			defaultConfigurationIsVisible = 0;
			defaultConfigurationName = Release;
		};
/* End XCConfigurationList section */

/* Begin XCRemoteSwiftPackageReference section */
		03E7684227BC2A5E0097FE89 /* XCRemoteSwiftPackageReference "firebase-ios-sdk" */ = {
			isa = XCRemoteSwiftPackageReference;
			repositoryURL = "https://github.com/firebase/firebase-ios-sdk";
			requirement = {
				kind = upToNextMajorVersion;
				minimumVersion = 8.12.1;
			};
		};
/* End XCRemoteSwiftPackageReference section */

/* Begin XCSwiftPackageProductDependency section */
		03E7684327BC2A5E0097FE89 /* FirebaseAppDistribution-Beta */ = {
			isa = XCSwiftPackageProductDependency;
			package = 03E7684227BC2A5E0097FE89 /* XCRemoteSwiftPackageReference "firebase-ios-sdk" */;
			productName = "FirebaseAppDistribution-Beta";
		};
		03E7684527BC2A5E0097FE89 /* FirebaseInAppMessaging-Beta */ = {
			isa = XCSwiftPackageProductDependency;
			package = 03E7684227BC2A5E0097FE89 /* XCRemoteSwiftPackageReference "firebase-ios-sdk" */;
			productName = "FirebaseInAppMessaging-Beta";
		};
		03E7684727BC2A5E0097FE89 /* FirebaseAnalyticsSwift-Beta */ = {
			isa = XCSwiftPackageProductDependency;
			package = 03E7684227BC2A5E0097FE89 /* XCRemoteSwiftPackageReference "firebase-ios-sdk" */;
			productName = "FirebaseAnalyticsSwift-Beta";
		};
		03E7684927BC2A5E0097FE89 /* FirebaseAnalyticsWithoutAdIdSupport */ = {
			isa = XCSwiftPackageProductDependency;
			package = 03E7684227BC2A5E0097FE89 /* XCRemoteSwiftPackageReference "firebase-ios-sdk" */;
			productName = FirebaseAnalyticsWithoutAdIdSupport;
		};
		03E7684B27BC2A5E0097FE89 /* FirebaseFirestore */ = {
			isa = XCSwiftPackageProductDependency;
			package = 03E7684227BC2A5E0097FE89 /* XCRemoteSwiftPackageReference "firebase-ios-sdk" */;
			productName = FirebaseFirestore;
		};
		03E7684D27BC2A5E0097FE89 /* FirebaseAuthCombine-Community */ = {
			isa = XCSwiftPackageProductDependency;
			package = 03E7684227BC2A5E0097FE89 /* XCRemoteSwiftPackageReference "firebase-ios-sdk" */;
			productName = "FirebaseAuthCombine-Community";
		};
		03E7684F27BC2A5E0097FE89 /* FirebaseRemoteConfigSwift-Beta */ = {
			isa = XCSwiftPackageProductDependency;
			package = 03E7684227BC2A5E0097FE89 /* XCRemoteSwiftPackageReference "firebase-ios-sdk" */;
			productName = "FirebaseRemoteConfigSwift-Beta";
		};
		03E7685127BC2A5E0097FE89 /* FirebaseInstallations */ = {
			isa = XCSwiftPackageProductDependency;
			package = 03E7684227BC2A5E0097FE89 /* XCRemoteSwiftPackageReference "firebase-ios-sdk" */;
			productName = FirebaseInstallations;
		};
		03E7685327BC2A5F0097FE89 /* FirebaseDatabase */ = {
			isa = XCSwiftPackageProductDependency;
			package = 03E7684227BC2A5E0097FE89 /* XCRemoteSwiftPackageReference "firebase-ios-sdk" */;
			productName = FirebaseDatabase;
		};
		03E7685527BC2A5F0097FE89 /* FirebaseFirestoreSwift-Beta */ = {
			isa = XCSwiftPackageProductDependency;
			package = 03E7684227BC2A5E0097FE89 /* XCRemoteSwiftPackageReference "firebase-ios-sdk" */;
			productName = "FirebaseFirestoreSwift-Beta";
		};
		03E7685727BC2A5F0097FE89 /* FirebaseAnalytics */ = {
			isa = XCSwiftPackageProductDependency;
			package = 03E7684227BC2A5E0097FE89 /* XCRemoteSwiftPackageReference "firebase-ios-sdk" */;
			productName = FirebaseAnalytics;
		};
		03E7685927BC2A5F0097FE89 /* FirebasePerformance */ = {
			isa = XCSwiftPackageProductDependency;
			package = 03E7684227BC2A5E0097FE89 /* XCRemoteSwiftPackageReference "firebase-ios-sdk" */;
			productName = FirebasePerformance;
		};
		03E7685B27BC2A5F0097FE89 /* FirebaseFunctionsCombine-Community */ = {
			isa = XCSwiftPackageProductDependency;
			package = 03E7684227BC2A5E0097FE89 /* XCRemoteSwiftPackageReference "firebase-ios-sdk" */;
			productName = "FirebaseFunctionsCombine-Community";
		};
		03E7685D27BC2A5F0097FE89 /* FirebaseStorageCombine-Community */ = {
			isa = XCSwiftPackageProductDependency;
			package = 03E7684227BC2A5E0097FE89 /* XCRemoteSwiftPackageReference "firebase-ios-sdk" */;
			productName = "FirebaseStorageCombine-Community";
		};
		03E7685F27BC2A5F0097FE89 /* FirebaseAppCheck */ = {
			isa = XCSwiftPackageProductDependency;
			package = 03E7684227BC2A5E0097FE89 /* XCRemoteSwiftPackageReference "firebase-ios-sdk" */;
			productName = FirebaseAppCheck;
		};
		03E7686127BC2A5F0097FE89 /* FirebaseStorageSwift-Beta */ = {
			isa = XCSwiftPackageProductDependency;
			package = 03E7684227BC2A5E0097FE89 /* XCRemoteSwiftPackageReference "firebase-ios-sdk" */;
			productName = "FirebaseStorageSwift-Beta";
		};
		03E7686327BC2A5F0097FE89 /* FirebaseAuth */ = {
			isa = XCSwiftPackageProductDependency;
			package = 03E7684227BC2A5E0097FE89 /* XCRemoteSwiftPackageReference "firebase-ios-sdk" */;
			productName = FirebaseAuth;
		};
		03E7686527BC2A5F0097FE89 /* FirebaseRemoteConfig */ = {
			isa = XCSwiftPackageProductDependency;
			package = 03E7684227BC2A5E0097FE89 /* XCRemoteSwiftPackageReference "firebase-ios-sdk" */;
			productName = FirebaseRemoteConfig;
		};
		03E7686727BC2A5F0097FE89 /* FirebaseDatabaseSwift-Beta */ = {
			isa = XCSwiftPackageProductDependency;
			package = 03E7684227BC2A5E0097FE89 /* XCRemoteSwiftPackageReference "firebase-ios-sdk" */;
			productName = "FirebaseDatabaseSwift-Beta";
		};
		03E7686927BC2A5F0097FE89 /* FirebaseInAppMessagingSwift-Beta */ = {
			isa = XCSwiftPackageProductDependency;
			package = 03E7684227BC2A5E0097FE89 /* XCRemoteSwiftPackageReference "firebase-ios-sdk" */;
			productName = "FirebaseInAppMessagingSwift-Beta";
		};
		03E7686B27BC2A5F0097FE89 /* FirebaseMLModelDownloader */ = {
			isa = XCSwiftPackageProductDependency;
			package = 03E7684227BC2A5E0097FE89 /* XCRemoteSwiftPackageReference "firebase-ios-sdk" */;
			productName = FirebaseMLModelDownloader;
		};
		03E7686D27BC2A5F0097FE89 /* FirebaseCrashlytics */ = {
			isa = XCSwiftPackageProductDependency;
			package = 03E7684227BC2A5E0097FE89 /* XCRemoteSwiftPackageReference "firebase-ios-sdk" */;
			productName = FirebaseCrashlytics;
		};
		03E7686F27BC2A5F0097FE89 /* FirebaseMessaging */ = {
			isa = XCSwiftPackageProductDependency;
			package = 03E7684227BC2A5E0097FE89 /* XCRemoteSwiftPackageReference "firebase-ios-sdk" */;
			productName = FirebaseMessaging;
		};
		03E7687127BC2A5F0097FE89 /* FirebaseStorage */ = {
			isa = XCSwiftPackageProductDependency;
			package = 03E7684227BC2A5E0097FE89 /* XCRemoteSwiftPackageReference "firebase-ios-sdk" */;
			productName = FirebaseStorage;
		};
		03E7687327BC2A5F0097FE89 /* FirebaseDynamicLinks */ = {
			isa = XCSwiftPackageProductDependency;
			package = 03E7684227BC2A5E0097FE89 /* XCRemoteSwiftPackageReference "firebase-ios-sdk" */;
			productName = FirebaseDynamicLinks;
		};
		03E7687527BC2A600097FE89 /* FirebaseFunctions */ = {
			isa = XCSwiftPackageProductDependency;
			package = 03E7684227BC2A5E0097FE89 /* XCRemoteSwiftPackageReference "firebase-ios-sdk" */;
			productName = FirebaseFunctions;
		};
		03E7687727BC2A600097FE89 /* FirebaseFunctionsSwift-Beta */ = {
			isa = XCSwiftPackageProductDependency;
			package = 03E7684227BC2A5E0097FE89 /* XCRemoteSwiftPackageReference "firebase-ios-sdk" */;
			productName = "FirebaseFunctionsSwift-Beta";
		};
		03E7687927BC2A600097FE89 /* FirebaseFirestoreCombine-Community */ = {
			isa = XCSwiftPackageProductDependency;
			package = 03E7684227BC2A5E0097FE89 /* XCRemoteSwiftPackageReference "firebase-ios-sdk" */;
			productName = "FirebaseFirestoreCombine-Community";
		};
/* End XCSwiftPackageProductDependency section */
	};
	rootObject = 03C6928527A9B73F00F6CE62 /* Project object */;
}
